// !$*UTF8*$!
{
	archiveVersion = 1;
	classes = {
	};
	objectVersion = 77;
	objects = {

/* Begin PBXBuildFile section */
		186BE3A52EB3D78600DFFE28 /* EssentialFeed.framework in Frameworks */ = {isa = PBXBuildFile; fileRef = 186BE3A32EB3D78600DFFE28 /* EssentialFeed.framework */; };
		186BE3A62EB3D78600DFFE28 /* EssentialFeed.framework in Embed Frameworks */ = {isa = PBXBuildFile; fileRef = 186BE3A32EB3D78600DFFE28 /* EssentialFeed.framework */; settings = {ATTRIBUTES = (CodeSignOnCopy, RemoveHeadersOnCopy, ); }; };
		186BE3A72EB3D78600DFFE28 /* EssentialFeediOS.framework in Frameworks */ = {isa = PBXBuildFile; fileRef = 186BE3A42EB3D78600DFFE28 /* EssentialFeediOS.framework */; };
		186BE3A82EB3D78600DFFE28 /* EssentialFeediOS.framework in Embed Frameworks */ = {isa = PBXBuildFile; fileRef = 186BE3A42EB3D78600DFFE28 /* EssentialFeediOS.framework */; settings = {ATTRIBUTES = (CodeSignOnCopy, RemoveHeadersOnCopy, ); }; };
		1871D99E2EB6A59E00F62706 /* HTTPClientStub.swift in Sources */ = {isa = PBXBuildFile; fileRef = 1871D99D2EB6A59D00F62706 /* HTTPClientStub.swift */; };
		1871D9A02EB6A5F500F62706 /* InMemoryFeedStore.swift in Sources */ = {isa = PBXBuildFile; fileRef = 1871D99F2EB6A5F500F62706 /* InMemoryFeedStore.swift */; };
		187AB0652EB7DF4C0060703C /* UIView+TestHelpers.swift in Sources */ = {isa = PBXBuildFile; fileRef = 187AB0642EB7DF4C0060703C /* UIView+TestHelpers.swift */; };
		18B854242EB51FCA00D6E2B1 /* EssentialApp.xctestplan in Resources */ = {isa = PBXBuildFile; fileRef = 18B8541F2EB51FCA00D6E2B1 /* EssentialApp.xctestplan */; };
		18B854312EB52A2B00D6E2B1 /* Shared.swift in Sources */ = {isa = PBXBuildFile; fileRef = 18B854302EB52A2B00D6E2B1 /* Shared.swift */; };
		18B854332EB52A8600D6E2B1 /* FeedImageLoaderXCTestCase+Utils.swift in Sources */ = {isa = PBXBuildFile; fileRef = 18B854322EB52A8600D6E2B1 /* FeedImageLoaderXCTestCase+Utils.swift */; };
		18B854352EB52BD200D6E2B1 /* FeedImageDataLoaderSpy.swift in Sources */ = {isa = PBXBuildFile; fileRef = 18B854342EB52BD200D6E2B1 /* FeedImageDataLoaderSpy.swift */; };
		18B854482EB533D200D6E2B1 /* AppDelegate.swift in Sources */ = {isa = PBXBuildFile; fileRef = 18B8543A2EB533D200D6E2B1 /* AppDelegate.swift */; };
		18B8544D2EB533D200D6E2B1 /* SceneDelegate.swift in Sources */ = {isa = PBXBuildFile; fileRef = 18B854452EB533D200D6E2B1 /* SceneDelegate.swift */; };
		18B8544F2EB533D200D6E2B1 /* Assets.xcassets in Resources */ = {isa = PBXBuildFile; fileRef = 18B8543B2EB533D200D6E2B1 /* Assets.xcassets */; };
		18B854512EB533D200D6E2B1 /* LaunchScreen.storyboard in Resources */ = {isa = PBXBuildFile; fileRef = 18B854422EB533D200D6E2B1 /* LaunchScreen.storyboard */; };
		18CEF9EC2EB67BED005A2B0E /* SceneDelegateTests.swift in Sources */ = {isa = PBXBuildFile; fileRef = 18CEF9EB2EB67BED005A2B0E /* SceneDelegateTests.swift */; };
		18CEFA9E2EB67FCB005A2B0E /* UIRefreshControl+TestHelpers.swift in Sources */ = {isa = PBXBuildFile; fileRef = 18CEFA9D2EB67FCB005A2B0E /* UIRefreshControl+TestHelpers.swift */; };
		18CEFA9F2EB67FCB005A2B0E /* UIButton+TestHelpers.swift in Sources */ = {isa = PBXBuildFile; fileRef = 18CEFA9A2EB67FCB005A2B0E /* UIButton+TestHelpers.swift */; };
		18CEFAA02EB67FCB005A2B0E /* UIControl+TestHelpers.swift in Sources */ = {isa = PBXBuildFile; fileRef = 18CEFA9B2EB67FCB005A2B0E /* UIControl+TestHelpers.swift */; };
		18CEFAA12EB67FCB005A2B0E /* UIImage+TestHelpers.swift in Sources */ = {isa = PBXBuildFile; fileRef = 18CEFA9C2EB67FCB005A2B0E /* UIImage+TestHelpers.swift */; };
		18CEFAA22EB67FCB005A2B0E /* FeedUiIntegrationTests+LoaderSpy.swift in Sources */ = {isa = PBXBuildFile; fileRef = 18CEFA972EB67FCB005A2B0E /* FeedUiIntegrationTests+LoaderSpy.swift */; };
		18CEFAA32EB67FCB005A2B0E /* FeedImageCell+TestHelpers.swift in Sources */ = {isa = PBXBuildFile; fileRef = 18CEFA962EB67FCB005A2B0E /* FeedImageCell+TestHelpers.swift */; };
		18CEFAA42EB67FCB005A2B0E /* FeedUiIntegrationTests+TestsHelpers.swift in Sources */ = {isa = PBXBuildFile; fileRef = 18CEFA982EB67FCB005A2B0E /* FeedUiIntegrationTests+TestsHelpers.swift */; };
		18CEFAA52EB67FCB005A2B0E /* FeedViewController+TestHelpers.swift in Sources */ = {isa = PBXBuildFile; fileRef = 18CEFA992EB67FCB005A2B0E /* FeedViewController+TestHelpers.swift */; };
		18CEFAAC2EB67FDB005A2B0E /* FeedViewAdapter.swift in Sources */ = {isa = PBXBuildFile; fileRef = 18CEFAA92EB67FDB005A2B0E /* FeedViewAdapter.swift */; };
		18CEFAAE2EB67FDB005A2B0E /* WeakReference.swift in Sources */ = {isa = PBXBuildFile; fileRef = 18CEFAAB2EB67FDB005A2B0E /* WeakReference.swift */; };
		18CEFAAF2EB67FDB005A2B0E /* FeedUIComposer.swift in Sources */ = {isa = PBXBuildFile; fileRef = 18CEFAA82EB67FDB005A2B0E /* FeedUIComposer.swift */; };
		18CEFAB02EB67FDB005A2B0E /* CommonPresentationAdapter.swift in Sources */ = {isa = PBXBuildFile; fileRef = 18CEFAA72EB67FDB005A2B0E /* CommonPresentationAdapter.swift */; };
		18CEFAB32EB68034005A2B0E /* FeedUiIntegrationTests.swift in Sources */ = {isa = PBXBuildFile; fileRef = 18CEFAB22EB68034005A2B0E /* FeedUiIntegrationTests.swift */; };
		18CEFAB52EB6843B005A2B0E /* FeedAcceptanceTests.swift in Sources */ = {isa = PBXBuildFile; fileRef = 18CEFAB42EB6843B005A2B0E /* FeedAcceptanceTests.swift */; };
		18D93C542EB90C09005F80DE /* DispatchQueue+MainScheduler.swift in Sources */ = {isa = PBXBuildFile; fileRef = 18D93C532EB90C09005F80DE /* DispatchQueue+MainScheduler.swift */; };
		18D93C562EB90C53005F80DE /* Combine+Utils.swift in Sources */ = {isa = PBXBuildFile; fileRef = 18D93C552EB90C53005F80DE /* Combine+Utils.swift */; };
/* End PBXBuildFile section */

/* Begin PBXContainerItemProxy section */
		188AD7192EB3D70400FC9E9F /* PBXContainerItemProxy */ = {
			isa = PBXContainerItemProxy;
			containerPortal = 188AD6FA2EB3D70200FC9E9F /* Project object */;
			proxyType = 1;
			remoteGlobalIDString = 188AD7012EB3D70200FC9E9F;
			remoteInfo = EssentialApp;
		};
/* End PBXContainerItemProxy section */

/* Begin PBXCopyFilesBuildPhase section */
		186BE3A92EB3D78600DFFE28 /* Embed Frameworks */ = {
			isa = PBXCopyFilesBuildPhase;
			buildActionMask = 2147483647;
			dstPath = "";
			dstSubfolderSpec = 10;
			files = (
				186BE3A62EB3D78600DFFE28 /* EssentialFeed.framework in Embed Frameworks */,
				186BE3A82EB3D78600DFFE28 /* EssentialFeediOS.framework in Embed Frameworks */,
			);
			name = "Embed Frameworks";
			runOnlyForDeploymentPostprocessing = 0;
		};
/* End PBXCopyFilesBuildPhase section */

/* Begin PBXFileReference section */
		186BE3A32EB3D78600DFFE28 /* EssentialFeed.framework */ = {isa = PBXFileReference; explicitFileType = wrapper.framework; path = EssentialFeed.framework; sourceTree = BUILT_PRODUCTS_DIR; };
		186BE3A42EB3D78600DFFE28 /* EssentialFeediOS.framework */ = {isa = PBXFileReference; explicitFileType = wrapper.framework; path = EssentialFeediOS.framework; sourceTree = BUILT_PRODUCTS_DIR; };
		1871D99D2EB6A59D00F62706 /* HTTPClientStub.swift */ = {isa = PBXFileReference; lastKnownFileType = sourcecode.swift; path = HTTPClientStub.swift; sourceTree = "<group>"; };
		1871D99F2EB6A5F500F62706 /* InMemoryFeedStore.swift */ = {isa = PBXFileReference; lastKnownFileType = sourcecode.swift; path = InMemoryFeedStore.swift; sourceTree = "<group>"; };
		187AB0642EB7DF4C0060703C /* UIView+TestHelpers.swift */ = {isa = PBXFileReference; lastKnownFileType = sourcecode.swift; path = "UIView+TestHelpers.swift"; sourceTree = "<group>"; };
		188AD7022EB3D70200FC9E9F /* EssentialApp.app */ = {isa = PBXFileReference; explicitFileType = wrapper.application; includeInIndex = 0; path = EssentialApp.app; sourceTree = BUILT_PRODUCTS_DIR; };
		188AD7182EB3D70400FC9E9F /* EssentialAppTests.xctest */ = {isa = PBXFileReference; explicitFileType = wrapper.cfbundle; includeInIndex = 0; path = EssentialAppTests.xctest; sourceTree = BUILT_PRODUCTS_DIR; };
		18B8541F2EB51FCA00D6E2B1 /* EssentialApp.xctestplan */ = {isa = PBXFileReference; lastKnownFileType = text; path = EssentialApp.xctestplan; sourceTree = "<group>"; };
		18B854302EB52A2B00D6E2B1 /* Shared.swift */ = {isa = PBXFileReference; lastKnownFileType = sourcecode.swift; path = Shared.swift; sourceTree = "<group>"; };
		18B854322EB52A8600D6E2B1 /* FeedImageLoaderXCTestCase+Utils.swift */ = {isa = PBXFileReference; lastKnownFileType = sourcecode.swift; path = "FeedImageLoaderXCTestCase+Utils.swift"; sourceTree = "<group>"; };
		18B854342EB52BD200D6E2B1 /* FeedImageDataLoaderSpy.swift */ = {isa = PBXFileReference; lastKnownFileType = sourcecode.swift; path = FeedImageDataLoaderSpy.swift; sourceTree = "<group>"; };
		18B8543A2EB533D200D6E2B1 /* AppDelegate.swift */ = {isa = PBXFileReference; lastKnownFileType = sourcecode.swift; path = AppDelegate.swift; sourceTree = "<group>"; };
		18B8543B2EB533D200D6E2B1 /* Assets.xcassets */ = {isa = PBXFileReference; lastKnownFileType = folder.assetcatalog; path = Assets.xcassets; sourceTree = "<group>"; };
		18B854402EB533D200D6E2B1 /* Info.plist */ = {isa = PBXFileReference; lastKnownFileType = text.plist.xml; path = Info.plist; sourceTree = "<group>"; };
		18B854412EB533D200D6E2B1 /* Base */ = {isa = PBXFileReference; lastKnownFileType = file.storyboard; name = Base; path = Base.lproj/LaunchScreen.storyboard; sourceTree = "<group>"; };
		18B854452EB533D200D6E2B1 /* SceneDelegate.swift */ = {isa = PBXFileReference; lastKnownFileType = sourcecode.swift; path = SceneDelegate.swift; sourceTree = "<group>"; };
		18CEF9EB2EB67BED005A2B0E /* SceneDelegateTests.swift */ = {isa = PBXFileReference; lastKnownFileType = sourcecode.swift; path = SceneDelegateTests.swift; sourceTree = "<group>"; };
		18CEFA962EB67FCB005A2B0E /* FeedImageCell+TestHelpers.swift */ = {isa = PBXFileReference; lastKnownFileType = sourcecode.swift; path = "FeedImageCell+TestHelpers.swift"; sourceTree = "<group>"; };
		18CEFA972EB67FCB005A2B0E /* FeedUiIntegrationTests+LoaderSpy.swift */ = {isa = PBXFileReference; lastKnownFileType = sourcecode.swift; path = "FeedUiIntegrationTests+LoaderSpy.swift"; sourceTree = "<group>"; };
		18CEFA982EB67FCB005A2B0E /* FeedUiIntegrationTests+TestsHelpers.swift */ = {isa = PBXFileReference; lastKnownFileType = sourcecode.swift; path = "FeedUiIntegrationTests+TestsHelpers.swift"; sourceTree = "<group>"; };
		18CEFA992EB67FCB005A2B0E /* FeedViewController+TestHelpers.swift */ = {isa = PBXFileReference; lastKnownFileType = sourcecode.swift; path = "FeedViewController+TestHelpers.swift"; sourceTree = "<group>"; };
		18CEFA9A2EB67FCB005A2B0E /* UIButton+TestHelpers.swift */ = {isa = PBXFileReference; lastKnownFileType = sourcecode.swift; path = "UIButton+TestHelpers.swift"; sourceTree = "<group>"; };
		18CEFA9B2EB67FCB005A2B0E /* UIControl+TestHelpers.swift */ = {isa = PBXFileReference; lastKnownFileType = sourcecode.swift; path = "UIControl+TestHelpers.swift"; sourceTree = "<group>"; };
		18CEFA9C2EB67FCB005A2B0E /* UIImage+TestHelpers.swift */ = {isa = PBXFileReference; lastKnownFileType = sourcecode.swift; path = "UIImage+TestHelpers.swift"; sourceTree = "<group>"; };
		18CEFA9D2EB67FCB005A2B0E /* UIRefreshControl+TestHelpers.swift */ = {isa = PBXFileReference; lastKnownFileType = sourcecode.swift; path = "UIRefreshControl+TestHelpers.swift"; sourceTree = "<group>"; };
		18CEFAA72EB67FDB005A2B0E /* CommonPresentationAdapter.swift */ = {isa = PBXFileReference; lastKnownFileType = sourcecode.swift; path = CommonPresentationAdapter.swift; sourceTree = "<group>"; };
		18CEFAA82EB67FDB005A2B0E /* FeedUIComposer.swift */ = {isa = PBXFileReference; lastKnownFileType = sourcecode.swift; path = FeedUIComposer.swift; sourceTree = "<group>"; };
		18CEFAA92EB67FDB005A2B0E /* FeedViewAdapter.swift */ = {isa = PBXFileReference; lastKnownFileType = sourcecode.swift; path = FeedViewAdapter.swift; sourceTree = "<group>"; };
		18CEFAAB2EB67FDB005A2B0E /* WeakReference.swift */ = {isa = PBXFileReference; lastKnownFileType = sourcecode.swift; path = WeakReference.swift; sourceTree = "<group>"; };
		18CEFAB22EB68034005A2B0E /* FeedUiIntegrationTests.swift */ = {isa = PBXFileReference; lastKnownFileType = sourcecode.swift; path = FeedUiIntegrationTests.swift; sourceTree = "<group>"; };
		18CEFAB42EB6843B005A2B0E /* FeedAcceptanceTests.swift */ = {isa = PBXFileReference; lastKnownFileType = sourcecode.swift; path = FeedAcceptanceTests.swift; sourceTree = "<group>"; };
		18D93C532EB90C09005F80DE /* DispatchQueue+MainScheduler.swift */ = {isa = PBXFileReference; lastKnownFileType = sourcecode.swift; path = "DispatchQueue+MainScheduler.swift"; sourceTree = "<group>"; };
		18D93C552EB90C53005F80DE /* Combine+Utils.swift */ = {isa = PBXFileReference; lastKnownFileType = sourcecode.swift; path = "Combine+Utils.swift"; sourceTree = "<group>"; };
		18F282572EB9571D0077481F /* CI_iOS.xctestplan */ = {isa = PBXFileReference; lastKnownFileType = text; path = CI_iOS.xctestplan; sourceTree = "<group>"; };
		18F282582EB9571D0077481F /* CI_macOS.xctestplan */ = {isa = PBXFileReference; lastKnownFileType = text; path = CI_macOS.xctestplan; sourceTree = "<group>"; };
/* End PBXFileReference section */

/* Begin PBXFrameworksBuildPhase section */
		188AD6FF2EB3D70200FC9E9F /* Frameworks */ = {
			isa = PBXFrameworksBuildPhase;
			buildActionMask = 2147483647;
			files = (
				186BE3A52EB3D78600DFFE28 /* EssentialFeed.framework in Frameworks */,
				186BE3A72EB3D78600DFFE28 /* EssentialFeediOS.framework in Frameworks */,
			);
			runOnlyForDeploymentPostprocessing = 0;
		};
		188AD7152EB3D70400FC9E9F /* Frameworks */ = {
			isa = PBXFrameworksBuildPhase;
			buildActionMask = 2147483647;
			files = (
			);
			runOnlyForDeploymentPostprocessing = 0;
		};
/* End PBXFrameworksBuildPhase section */

/* Begin PBXGroup section */
		186BE3A22EB3D78600DFFE28 /* Frameworks */ = {
			isa = PBXGroup;
			children = (
				186BE3A32EB3D78600DFFE28 /* EssentialFeed.framework */,
				186BE3A42EB3D78600DFFE28 /* EssentialFeediOS.framework */,
			);
			name = Frameworks;
			sourceTree = "<group>";
		};
		188AD6F92EB3D70200FC9E9F = {
			isa = PBXGroup;
			children = (
				18F282572EB9571D0077481F /* CI_iOS.xctestplan */,
				18F282582EB9571D0077481F /* CI_macOS.xctestplan */,
				18B854472EB533D200D6E2B1 /* EssentialApp */,
				18B854232EB51FCA00D6E2B1 /* EssentialAppTests */,
				186BE3A22EB3D78600DFFE28 /* Frameworks */,
				188AD7032EB3D70200FC9E9F /* Products */,
			);
			sourceTree = "<group>";
		};
		188AD7032EB3D70200FC9E9F /* Products */ = {
			isa = PBXGroup;
			children = (
				188AD7022EB3D70200FC9E9F /* EssentialApp.app */,
				188AD7182EB3D70400FC9E9F /* EssentialAppTests.xctest */,
			);
			name = Products;
			sourceTree = "<group>";
		};
		18B8541E2EB51FCA00D6E2B1 /* utils */ = {
			isa = PBXGroup;
			children = (
				1871D99F2EB6A5F500F62706 /* InMemoryFeedStore.swift */,
				1871D99D2EB6A59D00F62706 /* HTTPClientStub.swift */,
				18CEFA962EB67FCB005A2B0E /* FeedImageCell+TestHelpers.swift */,
				18CEFA972EB67FCB005A2B0E /* FeedUiIntegrationTests+LoaderSpy.swift */,
				18CEFA982EB67FCB005A2B0E /* FeedUiIntegrationTests+TestsHelpers.swift */,
				18CEFA992EB67FCB005A2B0E /* FeedViewController+TestHelpers.swift */,
				18CEFA9A2EB67FCB005A2B0E /* UIButton+TestHelpers.swift */,
				18CEFA9B2EB67FCB005A2B0E /* UIControl+TestHelpers.swift */,
				18CEFA9C2EB67FCB005A2B0E /* UIImage+TestHelpers.swift */,
				18CEFA9D2EB67FCB005A2B0E /* UIRefreshControl+TestHelpers.swift */,
				18B854342EB52BD200D6E2B1 /* FeedImageDataLoaderSpy.swift */,
				18B854322EB52A8600D6E2B1 /* FeedImageLoaderXCTestCase+Utils.swift */,
				18B854302EB52A2B00D6E2B1 /* Shared.swift */,
				187AB0642EB7DF4C0060703C /* UIView+TestHelpers.swift */,
			);
			path = utils;
			sourceTree = "<group>";
		};
		18B854232EB51FCA00D6E2B1 /* EssentialAppTests */ = {
			isa = PBXGroup;
			children = (
				18CEFAB42EB6843B005A2B0E /* FeedAcceptanceTests.swift */,
				18CEFAB22EB68034005A2B0E /* FeedUiIntegrationTests.swift */,
				18CEF9EB2EB67BED005A2B0E /* SceneDelegateTests.swift */,
				18B8541F2EB51FCA00D6E2B1 /* EssentialApp.xctestplan */,
				18B8541E2EB51FCA00D6E2B1 /* utils */,
			);
			path = EssentialAppTests;
			sourceTree = "<group>";
		};
		18B854472EB533D200D6E2B1 /* EssentialApp */ = {
			isa = PBXGroup;
			children = (
				18B854402EB533D200D6E2B1 /* Info.plist */,
				18B8543A2EB533D200D6E2B1 /* AppDelegate.swift */,
				18D93C552EB90C53005F80DE /* Combine+Utils.swift */,
				18D93C532EB90C09005F80DE /* DispatchQueue+MainScheduler.swift */,
				18CEFAA72EB67FDB005A2B0E /* CommonPresentationAdapter.swift */,
				18CEFAA82EB67FDB005A2B0E /* FeedUIComposer.swift */,
				18CEFAA92EB67FDB005A2B0E /* FeedViewAdapter.swift */,
				18B854452EB533D200D6E2B1 /* SceneDelegate.swift */,
				18CEFAAB2EB67FDB005A2B0E /* WeakReference.swift */,
				18B8543B2EB533D200D6E2B1 /* Assets.xcassets */,
				18B854422EB533D200D6E2B1 /* LaunchScreen.storyboard */,
			);
			path = EssentialApp;
			sourceTree = "<group>";
		};
/* End PBXGroup section */

/* Begin PBXNativeTarget section */
		188AD7012EB3D70200FC9E9F /* EssentialApp */ = {
			isa = PBXNativeTarget;
			buildConfigurationList = 188AD72B2EB3D70400FC9E9F /* Build configuration list for PBXNativeTarget "EssentialApp" */;
			buildPhases = (
				188AD6FE2EB3D70200FC9E9F /* Sources */,
				188AD6FF2EB3D70200FC9E9F /* Frameworks */,
				188AD7002EB3D70200FC9E9F /* Resources */,
				186BE3A92EB3D78600DFFE28 /* Embed Frameworks */,
			);
			buildRules = (
			);
			dependencies = (
			);
			name = EssentialApp;
			packageProductDependencies = (
			);
			productName = EssentialApp;
			productReference = 188AD7022EB3D70200FC9E9F /* EssentialApp.app */;
			productType = "com.apple.product-type.application";
		};
		188AD7172EB3D70400FC9E9F /* EssentialAppTests */ = {
			isa = PBXNativeTarget;
			buildConfigurationList = 188AD7302EB3D70400FC9E9F /* Build configuration list for PBXNativeTarget "EssentialAppTests" */;
			buildPhases = (
				188AD7142EB3D70400FC9E9F /* Sources */,
				188AD7152EB3D70400FC9E9F /* Frameworks */,
				188AD7162EB3D70400FC9E9F /* Resources */,
			);
			buildRules = (
			);
			dependencies = (
				188AD71A2EB3D70400FC9E9F /* PBXTargetDependency */,
			);
			name = EssentialAppTests;
			packageProductDependencies = (
			);
			productName = EssentialAppTests;
			productReference = 188AD7182EB3D70400FC9E9F /* EssentialAppTests.xctest */;
			productType = "com.apple.product-type.bundle.unit-test";
		};
/* End PBXNativeTarget section */

/* Begin PBXProject section */
		188AD6FA2EB3D70200FC9E9F /* Project object */ = {
			isa = PBXProject;
			attributes = {
				BuildIndependentTargetsInParallel = 1;
				LastSwiftUpdateCheck = 2600;
				LastUpgradeCheck = 2600;
				TargetAttributes = {
					188AD7012EB3D70200FC9E9F = {
						CreatedOnToolsVersion = 26.0.1;
					};
					188AD7172EB3D70400FC9E9F = {
						CreatedOnToolsVersion = 26.0.1;
						TestTargetID = 188AD7012EB3D70200FC9E9F;
					};
				};
			};
			buildConfigurationList = 188AD6FD2EB3D70200FC9E9F /* Build configuration list for PBXProject "EssentialApp" */;
			developmentRegion = en;
			hasScannedForEncodings = 0;
			knownRegions = (
				en,
				Base,
			);
			mainGroup = 188AD6F92EB3D70200FC9E9F;
			minimizedProjectReferenceProxies = 1;
			preferredProjectObjectVersion = 77;
			productRefGroup = 188AD7032EB3D70200FC9E9F /* Products */;
			projectDirPath = "";
			projectRoot = "";
			targets = (
				188AD7012EB3D70200FC9E9F /* EssentialApp */,
				188AD7172EB3D70400FC9E9F /* EssentialAppTests */,
			);
		};
/* End PBXProject section */

/* Begin PBXResourcesBuildPhase section */
		188AD7002EB3D70200FC9E9F /* Resources */ = {
			isa = PBXResourcesBuildPhase;
			buildActionMask = 2147483647;
			files = (
				18B8544F2EB533D200D6E2B1 /* Assets.xcassets in Resources */,
				18B854512EB533D200D6E2B1 /* LaunchScreen.storyboard in Resources */,
			);
			runOnlyForDeploymentPostprocessing = 0;
		};
		188AD7162EB3D70400FC9E9F /* Resources */ = {
			isa = PBXResourcesBuildPhase;
			buildActionMask = 2147483647;
			files = (
				18B854242EB51FCA00D6E2B1 /* EssentialApp.xctestplan in Resources */,
			);
			runOnlyForDeploymentPostprocessing = 0;
		};
/* End PBXResourcesBuildPhase section */

/* Begin PBXSourcesBuildPhase section */
		188AD6FE2EB3D70200FC9E9F /* Sources */ = {
			isa = PBXSourcesBuildPhase;
			buildActionMask = 2147483647;
			files = (
				18B854482EB533D200D6E2B1 /* AppDelegate.swift in Sources */,
				18CEFAAC2EB67FDB005A2B0E /* FeedViewAdapter.swift in Sources */,
				18CEFAAE2EB67FDB005A2B0E /* WeakReference.swift in Sources */,
				18D93C542EB90C09005F80DE /* DispatchQueue+MainScheduler.swift in Sources */,
				18CEFAAF2EB67FDB005A2B0E /* FeedUIComposer.swift in Sources */,
				18D93C562EB90C53005F80DE /* Combine+Utils.swift in Sources */,
				18CEFAB02EB67FDB005A2B0E /* CommonPresentationAdapter.swift in Sources */,
				18B8544D2EB533D200D6E2B1 /* SceneDelegate.swift in Sources */,
			);
			runOnlyForDeploymentPostprocessing = 0;
		};
		188AD7142EB3D70400FC9E9F /* Sources */ = {
			isa = PBXSourcesBuildPhase;
			buildActionMask = 2147483647;
			files = (
				18B854312EB52A2B00D6E2B1 /* Shared.swift in Sources */,
				18B854332EB52A8600D6E2B1 /* FeedImageLoaderXCTestCase+Utils.swift in Sources */,
				18CEFA9E2EB67FCB005A2B0E /* UIRefreshControl+TestHelpers.swift in Sources */,
				18CEFA9F2EB67FCB005A2B0E /* UIButton+TestHelpers.swift in Sources */,
				18CEFAA02EB67FCB005A2B0E /* UIControl+TestHelpers.swift in Sources */,
				1871D99E2EB6A59E00F62706 /* HTTPClientStub.swift in Sources */,
				18CEFAB32EB68034005A2B0E /* FeedUiIntegrationTests.swift in Sources */,
				18CEFAA12EB67FCB005A2B0E /* UIImage+TestHelpers.swift in Sources */,
				18CEFAA22EB67FCB005A2B0E /* FeedUiIntegrationTests+LoaderSpy.swift in Sources */,
				18CEFAA32EB67FCB005A2B0E /* FeedImageCell+TestHelpers.swift in Sources */,
				1871D9A02EB6A5F500F62706 /* InMemoryFeedStore.swift in Sources */,
				18CEFAA42EB67FCB005A2B0E /* FeedUiIntegrationTests+TestsHelpers.swift in Sources */,
				18CEFAA52EB67FCB005A2B0E /* FeedViewController+TestHelpers.swift in Sources */,
				18B854352EB52BD200D6E2B1 /* FeedImageDataLoaderSpy.swift in Sources */,
				18CEFAB52EB6843B005A2B0E /* FeedAcceptanceTests.swift in Sources */,
				187AB0652EB7DF4C0060703C /* UIView+TestHelpers.swift in Sources */,
				18CEF9EC2EB67BED005A2B0E /* SceneDelegateTests.swift in Sources */,
			);
			runOnlyForDeploymentPostprocessing = 0;
		};
/* End PBXSourcesBuildPhase section */

/* Begin PBXTargetDependency section */
		188AD71A2EB3D70400FC9E9F /* PBXTargetDependency */ = {
			isa = PBXTargetDependency;
			target = 188AD7012EB3D70200FC9E9F /* EssentialApp */;
			targetProxy = 188AD7192EB3D70400FC9E9F /* PBXContainerItemProxy */;
		};
/* End PBXTargetDependency section */

/* Begin PBXVariantGroup section */
		18B854422EB533D200D6E2B1 /* LaunchScreen.storyboard */ = {
			isa = PBXVariantGroup;
			children = (
				18B854412EB533D200D6E2B1 /* Base */,
			);
			name = LaunchScreen.storyboard;
			sourceTree = "<group>";
		};
/* End PBXVariantGroup section */

/* Begin XCBuildConfiguration section */
		188AD72C2EB3D70400FC9E9F /* Debug */ = {
			isa = XCBuildConfiguration;
			buildSettings = {
				ASSETCATALOG_COMPILER_APPICON_NAME = AppIcon;
				ASSETCATALOG_COMPILER_GLOBAL_ACCENT_COLOR_NAME = AccentColor;
				CODE_SIGN_STYLE = Automatic;
				CURRENT_PROJECT_VERSION = 1;
				DEVELOPMENT_TEAM = 2CYZ6HP688;
				GENERATE_INFOPLIST_FILE = YES;
				INFOPLIST_FILE = EssentialApp/Info.plist;
				INFOPLIST_KEY_UIApplicationSupportsIndirectInputEvents = YES;
				INFOPLIST_KEY_UILaunchStoryboardName = LaunchScreen;
				INFOPLIST_KEY_UISupportedInterfaceOrientations = UIInterfaceOrientationPortrait;
				LD_RUNPATH_SEARCH_PATHS = (
					"$(inherited)",
					"@executable_path/Frameworks",
				);
				MARKETING_VERSION = 1.0;
				PRODUCT_BUNDLE_IDENTIFIER = www.davidluna.EssentialApp;
				PRODUCT_NAME = "$(TARGET_NAME)";
				STRING_CATALOG_GENERATE_SYMBOLS = YES;
				SWIFT_APPROACHABLE_CONCURRENCY = YES;
				SWIFT_DEFAULT_ACTOR_ISOLATION = nonisolated;
				SWIFT_EMIT_LOC_STRINGS = YES;
				SWIFT_UPCOMING_FEATURE_MEMBER_IMPORT_VISIBILITY = YES;
				SWIFT_VERSION = 5.0;
				TARGETED_DEVICE_FAMILY = "1,2";
			};
			name = Debug;
		};
		188AD72D2EB3D70400FC9E9F /* Release */ = {
			isa = XCBuildConfiguration;
			buildSettings = {
				ASSETCATALOG_COMPILER_APPICON_NAME = AppIcon;
				ASSETCATALOG_COMPILER_GLOBAL_ACCENT_COLOR_NAME = AccentColor;
				CODE_SIGN_STYLE = Automatic;
				CURRENT_PROJECT_VERSION = 1;
				DEVELOPMENT_TEAM = 2CYZ6HP688;
				GENERATE_INFOPLIST_FILE = YES;
				INFOPLIST_FILE = EssentialApp/Info.plist;
				INFOPLIST_KEY_UIApplicationSupportsIndirectInputEvents = YES;
				INFOPLIST_KEY_UILaunchStoryboardName = LaunchScreen;
				INFOPLIST_KEY_UISupportedInterfaceOrientations = UIInterfaceOrientationPortrait;
				LD_RUNPATH_SEARCH_PATHS = (
					"$(inherited)",
					"@executable_path/Frameworks",
				);
				MARKETING_VERSION = 1.0;
				PRODUCT_BUNDLE_IDENTIFIER = www.davidluna.EssentialApp;
				PRODUCT_NAME = "$(TARGET_NAME)";
				STRING_CATALOG_GENERATE_SYMBOLS = YES;
				SWIFT_APPROACHABLE_CONCURRENCY = YES;
				SWIFT_DEFAULT_ACTOR_ISOLATION = nonisolated;
				SWIFT_EMIT_LOC_STRINGS = YES;
				SWIFT_UPCOMING_FEATURE_MEMBER_IMPORT_VISIBILITY = YES;
				SWIFT_VERSION = 5.0;
				TARGETED_DEVICE_FAMILY = "1,2";
			};
			name = Release;
		};
		188AD72E2EB3D70400FC9E9F /* Debug */ = {
			isa = XCBuildConfiguration;
			buildSettings = {
				ALWAYS_SEARCH_USER_PATHS = NO;
				ASSETCATALOG_COMPILER_GENERATE_SWIFT_ASSET_SYMBOL_EXTENSIONS = YES;
				CLANG_ANALYZER_NONNULL = YES;
				CLANG_ANALYZER_NUMBER_OBJECT_CONVERSION = YES_AGGRESSIVE;
				CLANG_CXX_LANGUAGE_STANDARD = "gnu++20";
				CLANG_ENABLE_MODULES = YES;
				CLANG_ENABLE_OBJC_ARC = YES;
				CLANG_ENABLE_OBJC_WEAK = YES;
				CLANG_WARN_BLOCK_CAPTURE_AUTORELEASING = YES;
				CLANG_WARN_BOOL_CONVERSION = YES;
				CLANG_WARN_COMMA = YES;
				CLANG_WARN_CONSTANT_CONVERSION = YES;
				CLANG_WARN_DEPRECATED_OBJC_IMPLEMENTATIONS = YES;
				CLANG_WARN_DIRECT_OBJC_ISA_USAGE = YES_ERROR;
				CLANG_WARN_DOCUMENTATION_COMMENTS = YES;
				CLANG_WARN_EMPTY_BODY = YES;
				CLANG_WARN_ENUM_CONVERSION = YES;
				CLANG_WARN_INFINITE_RECURSION = YES;
				CLANG_WARN_INT_CONVERSION = YES;
				CLANG_WARN_NON_LITERAL_NULL_CONVERSION = YES;
				CLANG_WARN_OBJC_IMPLICIT_RETAIN_SELF = YES;
				CLANG_WARN_OBJC_LITERAL_CONVERSION = YES;
				CLANG_WARN_OBJC_ROOT_CLASS = YES_ERROR;
				CLANG_WARN_QUOTED_INCLUDE_IN_FRAMEWORK_HEADER = YES;
				CLANG_WARN_RANGE_LOOP_ANALYSIS = YES;
				CLANG_WARN_STRICT_PROTOTYPES = YES;
				CLANG_WARN_SUSPICIOUS_MOVE = YES;
				CLANG_WARN_UNGUARDED_AVAILABILITY = YES_AGGRESSIVE;
				CLANG_WARN_UNREACHABLE_CODE = YES;
				CLANG_WARN__DUPLICATE_METHOD_MATCH = YES;
				COPY_PHASE_STRIP = NO;
				DEBUG_INFORMATION_FORMAT = dwarf;
				DEVELOPMENT_TEAM = 2CYZ6HP688;
				ENABLE_STRICT_OBJC_MSGSEND = YES;
				ENABLE_TESTABILITY = YES;
				ENABLE_USER_SCRIPT_SANDBOXING = YES;
				GCC_C_LANGUAGE_STANDARD = gnu17;
				GCC_DYNAMIC_NO_PIC = NO;
				GCC_NO_COMMON_BLOCKS = YES;
				GCC_OPTIMIZATION_LEVEL = 0;
				GCC_PREPROCESSOR_DEFINITIONS = (
					"DEBUG=1",
					"$(inherited)",
				);
				GCC_WARN_64_TO_32_BIT_CONVERSION = YES;
				GCC_WARN_ABOUT_RETURN_TYPE = YES_ERROR;
				GCC_WARN_UNDECLARED_SELECTOR = YES;
				GCC_WARN_UNINITIALIZED_AUTOS = YES_AGGRESSIVE;
				GCC_WARN_UNUSED_FUNCTION = YES;
				GCC_WARN_UNUSED_VARIABLE = YES;
				IPHONEOS_DEPLOYMENT_TARGET = 26.0;
				LOCALIZATION_PREFERS_STRING_CATALOGS = YES;
				MTL_ENABLE_DEBUG_INFO = INCLUDE_SOURCE;
				MTL_FAST_MATH = YES;
				ONLY_ACTIVE_ARCH = YES;
				SDKROOT = iphoneos;
				SWIFT_ACTIVE_COMPILATION_CONDITIONS = "DEBUG $(inherited)";
				SWIFT_OPTIMIZATION_LEVEL = "-Onone";
			};
			name = Debug;
		};
		188AD72F2EB3D70400FC9E9F /* Release */ = {
			isa = XCBuildConfiguration;
			buildSettings = {
				ALWAYS_SEARCH_USER_PATHS = NO;
				ASSETCATALOG_COMPILER_GENERATE_SWIFT_ASSET_SYMBOL_EXTENSIONS = YES;
				CLANG_ANALYZER_NONNULL = YES;
				CLANG_ANALYZER_NUMBER_OBJECT_CONVERSION = YES_AGGRESSIVE;
				CLANG_CXX_LANGUAGE_STANDARD = "gnu++20";
				CLANG_ENABLE_MODULES = YES;
				CLANG_ENABLE_OBJC_ARC = YES;
				CLANG_ENABLE_OBJC_WEAK = YES;
				CLANG_WARN_BLOCK_CAPTURE_AUTORELEASING = YES;
				CLANG_WARN_BOOL_CONVERSION = YES;
				CLANG_WARN_COMMA = YES;
				CLANG_WARN_CONSTANT_CONVERSION = YES;
				CLANG_WARN_DEPRECATED_OBJC_IMPLEMENTATIONS = YES;
				CLANG_WARN_DIRECT_OBJC_ISA_USAGE = YES_ERROR;
				CLANG_WARN_DOCUMENTATION_COMMENTS = YES;
				CLANG_WARN_EMPTY_BODY = YES;
				CLANG_WARN_ENUM_CONVERSION = YES;
				CLANG_WARN_INFINITE_RECURSION = YES;
				CLANG_WARN_INT_CONVERSION = YES;
				CLANG_WARN_NON_LITERAL_NULL_CONVERSION = YES;
				CLANG_WARN_OBJC_IMPLICIT_RETAIN_SELF = YES;
				CLANG_WARN_OBJC_LITERAL_CONVERSION = YES;
				CLANG_WARN_OBJC_ROOT_CLASS = YES_ERROR;
				CLANG_WARN_QUOTED_INCLUDE_IN_FRAMEWORK_HEADER = YES;
				CLANG_WARN_RANGE_LOOP_ANALYSIS = YES;
				CLANG_WARN_STRICT_PROTOTYPES = YES;
				CLANG_WARN_SUSPICIOUS_MOVE = YES;
				CLANG_WARN_UNGUARDED_AVAILABILITY = YES_AGGRESSIVE;
				CLANG_WARN_UNREACHABLE_CODE = YES;
				CLANG_WARN__DUPLICATE_METHOD_MATCH = YES;
				COPY_PHASE_STRIP = NO;
				DEBUG_INFORMATION_FORMAT = "dwarf-with-dsym";
				DEVELOPMENT_TEAM = 2CYZ6HP688;
				ENABLE_NS_ASSERTIONS = NO;
				ENABLE_STRICT_OBJC_MSGSEND = YES;
				ENABLE_USER_SCRIPT_SANDBOXING = YES;
				GCC_C_LANGUAGE_STANDARD = gnu17;
				GCC_NO_COMMON_BLOCKS = YES;
				GCC_WARN_64_TO_32_BIT_CONVERSION = YES;
				GCC_WARN_ABOUT_RETURN_TYPE = YES_ERROR;
				GCC_WARN_UNDECLARED_SELECTOR = YES;
				GCC_WARN_UNINITIALIZED_AUTOS = YES_AGGRESSIVE;
				GCC_WARN_UNUSED_FUNCTION = YES;
				GCC_WARN_UNUSED_VARIABLE = YES;
				IPHONEOS_DEPLOYMENT_TARGET = 26.0;
				LOCALIZATION_PREFERS_STRING_CATALOGS = YES;
				MTL_ENABLE_DEBUG_INFO = NO;
				MTL_FAST_MATH = YES;
				SDKROOT = iphoneos;
				SWIFT_COMPILATION_MODE = wholemodule;
				VALIDATE_PRODUCT = YES;
			};
			name = Release;
		};
		188AD7312EB3D70400FC9E9F /* Debug */ = {
			isa = XCBuildConfiguration;
			buildSettings = {
				BUNDLE_LOADER = "$(TEST_HOST)";
				CODE_SIGN_STYLE = Automatic;
				CURRENT_PROJECT_VERSION = 1;
				DEVELOPMENT_TEAM = 2CYZ6HP688;
				GENERATE_INFOPLIST_FILE = YES;
				IPHONEOS_DEPLOYMENT_TARGET = 26.1;
				MARKETING_VERSION = 1.0;
				PRODUCT_BUNDLE_IDENTIFIER = www.davidluna.EssentialAppTests;
				PRODUCT_NAME = "$(TARGET_NAME)";
				STRING_CATALOG_GENERATE_SYMBOLS = NO;
				SWIFT_APPROACHABLE_CONCURRENCY = YES;
				SWIFT_EMIT_LOC_STRINGS = NO;
				SWIFT_UPCOMING_FEATURE_MEMBER_IMPORT_VISIBILITY = YES;
				SWIFT_VERSION = 5.0;
				TARGETED_DEVICE_FAMILY = "1,2";
				TEST_HOST = "$(BUILT_PRODUCTS_DIR)/EssentialApp.app/$(BUNDLE_EXECUTABLE_FOLDER_PATH)/EssentialApp";
			};
			name = Debug;
		};
		188AD7322EB3D70400FC9E9F /* Release */ = {
			isa = XCBuildConfiguration;
			buildSettings = {
				BUNDLE_LOADER = "$(TEST_HOST)";
				CODE_SIGN_STYLE = Automatic;
				CURRENT_PROJECT_VERSION = 1;
				DEVELOPMENT_TEAM = 2CYZ6HP688;
				GENERATE_INFOPLIST_FILE = YES;
				IPHONEOS_DEPLOYMENT_TARGET = 26.1;
				MARKETING_VERSION = 1.0;
				PRODUCT_BUNDLE_IDENTIFIER = www.davidluna.EssentialAppTests;
				PRODUCT_NAME = "$(TARGET_NAME)";
				STRING_CATALOG_GENERATE_SYMBOLS = NO;
				SWIFT_APPROACHABLE_CONCURRENCY = YES;
				SWIFT_EMIT_LOC_STRINGS = NO;
				SWIFT_UPCOMING_FEATURE_MEMBER_IMPORT_VISIBILITY = YES;
				SWIFT_VERSION = 5.0;
				TARGETED_DEVICE_FAMILY = "1,2";
				TEST_HOST = "$(BUILT_PRODUCTS_DIR)/EssentialApp.app/$(BUNDLE_EXECUTABLE_FOLDER_PATH)/EssentialApp";
			};
			name = Release;
		};
/* End XCBuildConfiguration section */

/* Begin XCConfigurationList section */
		188AD6FD2EB3D70200FC9E9F /* Build configuration list for PBXProject "EssentialApp" */ = {
			isa = XCConfigurationList;
			buildConfigurations = (
				188AD72E2EB3D70400FC9E9F /* Debug */,
				188AD72F2EB3D70400FC9E9F /* Release */,
			);
			defaultConfigurationIsVisible = 0;
			defaultConfigurationName = Release;
		};
		188AD72B2EB3D70400FC9E9F /* Build configuration list for PBXNativeTarget "EssentialApp" */ = {
			isa = XCConfigurationList;
			buildConfigurations = (
				188AD72C2EB3D70400FC9E9F /* Debug */,
				188AD72D2EB3D70400FC9E9F /* Release */,
			);
			defaultConfigurationIsVisible = 0;
			defaultConfigurationName = Release;
		};
		188AD7302EB3D70400FC9E9F /* Build configuration list for PBXNativeTarget "EssentialAppTests" */ = {
			isa = XCConfigurationList;
			buildConfigurations = (
				188AD7312EB3D70400FC9E9F /* Debug */,
				188AD7322EB3D70400FC9E9F /* Release */,
			);
			defaultConfigurationIsVisible = 0;
			defaultConfigurationName = Release;
		};
/* End XCConfigurationList section */
	};
	rootObject = 188AD6FA2EB3D70200FC9E9F /* Project object */;
}
